schema: '2.0'
stages:
  data_collection:
    cmd: python src/data_collection.py
    deps:
    - path: src/data_collection.py
      hash: md5
      md5: 946f20b91cd1c4e7aab645b30b21a9a1
      size: 637
    params:
      params.yaml:
        data_collection.test_size: 0.3
    outs:
    - path: data/raw
      hash: md5
      md5: 43f22e8600c04238d0a8156861cff355.dir
      size: 520443
      nfiles: 2
  pre-processing:
    cmd: python src/data_prep.py
    deps:
    - path: data/raw
      hash: md5
      md5: 43f22e8600c04238d0a8156861cff355.dir
      size: 520443
      nfiles: 2
    - path: src/data_prep.py
      hash: md5
      md5: 46c9780adfcdf0e0f38bf9ccd063f0ad
      size: 726
    outs:
    - path: data/processed
      hash: md5
      md5: 1311f1d33abebd3154f23ea213f90a2c.dir
      size: 544772
      nfiles: 2
  model_building:
    cmd: python src/model_building.py
    deps:
    - path: data/processed
      hash: md5
      md5: 1311f1d33abebd3154f23ea213f90a2c.dir
      size: 544772
      nfiles: 2
    - path: src/model_building.py
      hash: md5
      md5: 25bc06a750c9ad1f77414f901e5e8ea7
      size: 643
    params:
      params.yaml:
        model_building.min_samples_split: 2
        model_building.n_estimators: 100
    outs:
    - path: model.pkl
      hash: md5
      md5: f3cc0bced022c789dd89dde4efafd972
      size: 6510232
  model_eval:
    cmd: python src/model_eval.py
    deps:
    - path: model.pkl
      hash: md5
      md5: f88b1bc9c4b29753f539088eb97f1a66
      size: 7336145
    - path: src/model_eval.py
      hash: md5
      md5: c7d91455fbf2da7b299fb094c54d4256
      size: 712
    outs:
    - path: metrics.json
      hash: md5
      md5: 90ff7413be44933b3547b52c826b1e81
      size: 146
